Microsoft Visual Studio Solution File, Format Version 12.00
# Visual Studio Version 17
VisualStudioVersion = 17.5.2.0
MinimumVisualStudioVersion = 10.0.40219.1
Project("{FAE04EC0-301F-11D3-BF4B-00C04F79EFBC}") = "FakeStoreB", "FakeStoreB.csproj", "{CAD57E3F-5DD7-C874-2EF6-ABD45D02E292}"
EndProject
Global
	GlobalSection(SolutionConfigurationPlatforms) = preSolution
		Debug|Any CPU = Debug|Any CPU
		Release|Any CPU = Release|Any CPU
	EndGlobalSection
	GlobalSection(ProjectConfigurationPlatforms) = postSolution
		{CAD57E3F-5DD7-C874-2EF6-ABD45D02E292}.Debug|Any CPU.ActiveCfg = Debug|Any CPU
		{CAD57E3F-5DD7-C874-2EF6-ABD45D02E292}.Debug|Any CPU.Build.0 = Debug|Any CPU
		{CAD57E3F-5DD7-C874-2EF6-ABD45D02E292}.Release|Any CPU.ActiveCfg = Release|Any CPU
		{CAD57E3F-5DD7-C874-2EF6-ABD45D02E292}.Release|Any CPU.Build.0 = Release|Any CPU
	EndGlobalSection
	GlobalSection(SolutionProperties) = preSolution
		HideSolutionNode = FALSE
	EndGlobalSection
	GlobalSection(ExtensibilityGlobals) = postSolution
		SolutionGuid = {4E6EB7FF-0B30-4D70-82F4-B717B85DF66C}
	EndGlobalSection
EndGlobal
